
Microsoft Visual Studio Solution File, Format Version 12.00
# Visual Studio Version 17
VisualStudioVersion = 17.3.32825.248
MinimumVisualStudioVersion = 10.0.40219.1
Project("{FAE04EC0-301F-11D3-BF4B-00C04F79EFBC}") = "base-core-api", "base-core-api\base-core-api.csproj", "{5EA80C3E-654A-42EF-80AF-A8EF777C5FAA}"
EndProject
Project("{FAE04EC0-301F-11D3-BF4B-00C04F79EFBC}") = "App.Common", "App.Common\App.Common.csproj", "{CD3119E2-4BC6-4243-A251-8CDF0CCBAC84}"
EndProject
Project("{FAE04EC0-301F-11D3-BF4B-00C04F79EFBC}") = "App.Config", "App.Config\App.Config.csproj", "{521800CC-1C4D-433F-B4AA-0EEF1E53EC26}"
EndProject
Project("{FAE04EC0-301F-11D3-BF4B-00C04F79EFBC}") = "App.Domain", "App.Domain\App.Domain.csproj", "{E4872FF4-7205-4C27-877A-412B8B2562A0}"
EndProject
Project("{FAE04EC0-301F-11D3-BF4B-00C04F79EFBC}") = "App.Infraestructure", "App.Infrastructure\App.Infraestructure.csproj", "{96E8E703-4119-4DD8-859E-DFC0788EF5D4}"
EndProject
Global
	GlobalSection(SolutionConfigurationPlatforms) = preSolution
		Debug|Any CPU = Debug|Any CPU
		Release|Any CPU = Release|Any CPU
	EndGlobalSection
	GlobalSection(ProjectConfigurationPlatforms) = postSolution
		{5EA80C3E-654A-42EF-80AF-A8EF777C5FAA}.Debug|Any CPU.ActiveCfg = Debug|Any CPU
		{5EA80C3E-654A-42EF-80AF-A8EF777C5FAA}.Debug|Any CPU.Build.0 = Debug|Any CPU
		{5EA80C3E-654A-42EF-80AF-A8EF777C5FAA}.Release|Any CPU.ActiveCfg = Release|Any CPU
		{5EA80C3E-654A-42EF-80AF-A8EF777C5FAA}.Release|Any CPU.Build.0 = Release|Any CPU
		{CD3119E2-4BC6-4243-A251-8CDF0CCBAC84}.Debug|Any CPU.ActiveCfg = Debug|Any CPU
		{CD3119E2-4BC6-4243-A251-8CDF0CCBAC84}.Debug|Any CPU.Build.0 = Debug|Any CPU
		{CD3119E2-4BC6-4243-A251-8CDF0CCBAC84}.Release|Any CPU.ActiveCfg = Release|Any CPU
		{CD3119E2-4BC6-4243-A251-8CDF0CCBAC84}.Release|Any CPU.Build.0 = Release|Any CPU
		{521800CC-1C4D-433F-B4AA-0EEF1E53EC26}.Debug|Any CPU.ActiveCfg = Debug|Any CPU
		{521800CC-1C4D-433F-B4AA-0EEF1E53EC26}.Debug|Any CPU.Build.0 = Debug|Any CPU
		{521800CC-1C4D-433F-B4AA-0EEF1E53EC26}.Release|Any CPU.ActiveCfg = Release|Any CPU
		{521800CC-1C4D-433F-B4AA-0EEF1E53EC26}.Release|Any CPU.Build.0 = Release|Any CPU
		{E4872FF4-7205-4C27-877A-412B8B2562A0}.Debug|Any CPU.ActiveCfg = Debug|Any CPU
		{E4872FF4-7205-4C27-877A-412B8B2562A0}.Debug|Any CPU.Build.0 = Debug|Any CPU
		{E4872FF4-7205-4C27-877A-412B8B2562A0}.Release|Any CPU.ActiveCfg = Release|Any CPU
		{E4872FF4-7205-4C27-877A-412B8B2562A0}.Release|Any CPU.Build.0 = Release|Any CPU
		{96E8E703-4119-4DD8-859E-DFC0788EF5D4}.Debug|Any CPU.ActiveCfg = Debug|Any CPU
		{96E8E703-4119-4DD8-859E-DFC0788EF5D4}.Debug|Any CPU.Build.0 = Debug|Any CPU
		{96E8E703-4119-4DD8-859E-DFC0788EF5D4}.Release|Any CPU.ActiveCfg = Release|Any CPU
		{96E8E703-4119-4DD8-859E-DFC0788EF5D4}.Release|Any CPU.Build.0 = Release|Any CPU
	EndGlobalSection
	GlobalSection(SolutionProperties) = preSolution
		HideSolutionNode = FALSE
	EndGlobalSection
	GlobalSection(ExtensibilityGlobals) = postSolution
		SolutionGuid = {A0C90E01-2493-4130-A7C2-EBF519F15178}
	EndGlobalSection
EndGlobal
